
Microsoft Visual Studio Solution File, Format Version 12.00
# Visual Studio Version 17
VisualStudioVersion = 17.12.35707.178 d17.12
MinimumVisualStudioVersion = 10.0.40219.1
Project("{FAE04EC0-301F-11D3-BF4B-00C04F79EFBC}") = "algoritm.1.2", "algoritm.1.2\algoritm.1.2.csproj", "{98CB33EB-FD0A-402A-B708-EC2F1E794B17}"
EndProject
Global
	GlobalSection(SolutionConfigurationPlatforms) = preSolution
		Debug|Any CPU = Debug|Any CPU
		Release|Any CPU = Release|Any CPU
	EndGlobalSection
	GlobalSection(ProjectConfigurationPlatforms) = postSolution
		{98CB33EB-FD0A-402A-B708-EC2F1E794B17}.Debug|Any CPU.ActiveCfg = Debug|Any CPU
		{98CB33EB-FD0A-402A-B708-EC2F1E794B17}.Debug|Any CPU.Build.0 = Debug|Any CPU
		{98CB33EB-FD0A-402A-B708-EC2F1E794B17}.Release|Any CPU.ActiveCfg = Release|Any CPU
		{98CB33EB-FD0A-402A-B708-EC2F1E794B17}.Release|Any CPU.Build.0 = Release|Any CPU
	EndGlobalSection
	GlobalSection(SolutionProperties) = preSolution
		HideSolutionNode = FALSE
	EndGlobalSection
EndGlobal
